
Microsoft Visual Studio Solution File, Format Version 12.00
# Visual Studio Version 17
VisualStudioVersion = 17.5.33530.505
MinimumVisualStudioVersion = 10.0.40219.1
Project("{FAE04EC0-301F-11D3-BF4B-00C04F79EFBC}") = "NewtonsoftJsonLibrary", "NewtonsoftJsonLibrary.csproj", "{A13926E1-1E48-4FA7-AB99-C60814CC38DC}"
EndProject
Global
	GlobalSection(SolutionConfigurationPlatforms) = preSolution
		Debug|Any CPU = Debug|Any CPU
		Release|Any CPU = Release|Any CPU
	EndGlobalSection
	GlobalSection(ProjectConfigurationPlatforms) = postSolution
		{A13926E1-1E48-4FA7-AB99-C60814CC38DC}.Debug|Any CPU.ActiveCfg = Debug|Any CPU
		{A13926E1-1E48-4FA7-AB99-C60814CC38DC}.Debug|Any CPU.Build.0 = Debug|Any CPU
		{A13926E1-1E48-4FA7-AB99-C60814CC38DC}.Release|Any CPU.ActiveCfg = Release|Any CPU
		{A13926E1-1E48-4FA7-AB99-C60814CC38DC}.Release|Any CPU.Build.0 = Release|Any CPU
	EndGlobalSection
	GlobalSection(SolutionProperties) = preSolution
		HideSolutionNode = FALSE
	EndGlobalSection
	GlobalSection(ExtensibilityGlobals) = postSolution
		SolutionGuid = {12556C24-0DDF-40C8-8800-5D76F5CB63AC}
	EndGlobalSection
EndGlobal
